// !$*UTF8*$!
{
	archiveVersion = 1;
	classes = {
	};
	objectVersion = 50;
	objects = {

/* Begin PBXBuildFile section */
		18811E3022716B5B00EDD9B8 /* AppDelegate.swift in Sources */ = {isa = PBXBuildFile; fileRef = 18811E2F22716B5B00EDD9B8 /* AppDelegate.swift */; };
		18811E3222716B5B00EDD9B8 /* ViewController.swift in Sources */ = {isa = PBXBuildFile; fileRef = 18811E3122716B5B00EDD9B8 /* ViewController.swift */; };
		18811E3522716B5B00EDD9B8 /* Main.storyboard in Resources */ = {isa = PBXBuildFile; fileRef = 18811E3322716B5B00EDD9B8 /* Main.storyboard */; };
		18811E3722716B5D00EDD9B8 /* Assets.xcassets in Resources */ = {isa = PBXBuildFile; fileRef = 18811E3622716B5D00EDD9B8 /* Assets.xcassets */; };
		18811E3A22716B5D00EDD9B8 /* LaunchScreen.storyboard in Resources */ = {isa = PBXBuildFile; fileRef = 18811E3822716B5D00EDD9B8 /* LaunchScreen.storyboard */; };
		18811E4522716B5D00EDD9B8 /* ios_PickerKeyboardTests.swift in Sources */ = {isa = PBXBuildFile; fileRef = 18811E4422716B5D00EDD9B8 /* ios_PickerKeyboardTests.swift */; };
		18811E5022716B5D00EDD9B8 /* ios_PickerKeyboardUITests.swift in Sources */ = {isa = PBXBuildFile; fileRef = 18811E4F22716B5D00EDD9B8 /* ios_PickerKeyboardUITests.swift */; };
/* End PBXBuildFile section */

/* Begin PBXContainerItemProxy section */
		18811E4122716B5D00EDD9B8 /* PBXContainerItemProxy */ = {
			isa = PBXContainerItemProxy;
			containerPortal = 18811E2422716B5B00EDD9B8 /* Project object */;
			proxyType = 1;
			remoteGlobalIDString = 18811E2B22716B5B00EDD9B8;
			remoteInfo = "ios-PickerKeyboard";
		};
		18811E4C22716B5D00EDD9B8 /* PBXContainerItemProxy */ = {
			isa = PBXContainerItemProxy;
			containerPortal = 18811E2422716B5B00EDD9B8 /* Project object */;
			proxyType = 1;
			remoteGlobalIDString = 18811E2B22716B5B00EDD9B8;
			remoteInfo = "ios-PickerKeyboard";
		};
/* End PBXContainerItemProxy section */

/* Begin PBXFileReference section */
		18811E2C22716B5B00EDD9B8 /* ios-PickerKeyboard.app */ = {isa = PBXFileReference; explicitFileType = wrapper.application; includeInIndex = 0; path = "ios-PickerKeyboard.app"; sourceTree = BUILT_PRODUCTS_DIR; };
		18811E2F22716B5B00EDD9B8 /* AppDelegate.swift */ = {isa = PBXFileReference; lastKnownFileType = sourcecode.swift; path = AppDelegate.swift; sourceTree = "<group>"; };
		18811E3122716B5B00EDD9B8 /* ViewController.swift */ = {isa = PBXFileReference; lastKnownFileType = sourcecode.swift; path = ViewController.swift; sourceTree = "<group>"; };
		18811E3422716B5B00EDD9B8 /* Base */ = {isa = PBXFileReference; lastKnownFileType = file.storyboard; name = Base; path = Base.lproj/Main.storyboard; sourceTree = "<group>"; };
		18811E3622716B5D00EDD9B8 /* Assets.xcassets */ = {isa = PBXFileReference; lastKnownFileType = folder.assetcatalog; path = Assets.xcassets; sourceTree = "<group>"; };
		18811E3922716B5D00EDD9B8 /* Base */ = {isa = PBXFileReference; lastKnownFileType = file.storyboard; name = Base; path = Base.lproj/LaunchScreen.storyboard; sourceTree = "<group>"; };
		18811E3B22716B5D00EDD9B8 /* Info.plist */ = {isa = PBXFileReference; lastKnownFileType = text.plist.xml; path = Info.plist; sourceTree = "<group>"; };
		18811E4022716B5D00EDD9B8 /* ios-PickerKeyboardTests.xctest */ = {isa = PBXFileReference; explicitFileType = wrapper.cfbundle; includeInIndex = 0; path = "ios-PickerKeyboardTests.xctest"; sourceTree = BUILT_PRODUCTS_DIR; };
		18811E4422716B5D00EDD9B8 /* ios_PickerKeyboardTests.swift */ = {isa = PBXFileReference; lastKnownFileType = sourcecode.swift; path = ios_PickerKeyboardTests.swift; sourceTree = "<group>"; };
		18811E4622716B5D00EDD9B8 /* Info.plist */ = {isa = PBXFileReference; lastKnownFileType = text.plist.xml; path = Info.plist; sourceTree = "<group>"; };
		18811E4B22716B5D00EDD9B8 /* ios-PickerKeyboardUITests.xctest */ = {isa = PBXFileReference; explicitFileType = wrapper.cfbundle; includeInIndex = 0; path = "ios-PickerKeyboardUITests.xctest"; sourceTree = BUILT_PRODUCTS_DIR; };
		18811E4F22716B5D00EDD9B8 /* ios_PickerKeyboardUITests.swift */ = {isa = PBXFileReference; lastKnownFileType = sourcecode.swift; path = ios_PickerKeyboardUITests.swift; sourceTree = "<group>"; };
		18811E5122716B5D00EDD9B8 /* Info.plist */ = {isa = PBXFileReference; lastKnownFileType = text.plist.xml; path = Info.plist; sourceTree = "<group>"; };
/* End PBXFileReference section */

/* Begin PBXFrameworksBuildPhase section */
		18811E2922716B5B00EDD9B8 /* Frameworks */ = {
			isa = PBXFrameworksBuildPhase;
			buildActionMask = 2147483647;
			files = (
			);
			runOnlyForDeploymentPostprocessing = 0;
		};
		18811E3D22716B5D00EDD9B8 /* Frameworks */ = {
			isa = PBXFrameworksBuildPhase;
			buildActionMask = 2147483647;
			files = (
			);
			runOnlyForDeploymentPostprocessing = 0;
		};
		18811E4822716B5D00EDD9B8 /* Frameworks */ = {
			isa = PBXFrameworksBuildPhase;
			buildActionMask = 2147483647;
			files = (
			);
			runOnlyForDeploymentPostprocessing = 0;
		};
/* End PBXFrameworksBuildPhase section */

/* Begin PBXGroup section */
		18811E2322716B5B00EDD9B8 = {
			isa = PBXGroup;
			children = (
				18811E2E22716B5B00EDD9B8 /* ios-PickerKeyboard */,
				18811E4322716B5D00EDD9B8 /* ios-PickerKeyboardTests */,
				18811E4E22716B5D00EDD9B8 /* ios-PickerKeyboardUITests */,
				18811E2D22716B5B00EDD9B8 /* Products */,
			);
			sourceTree = "<group>";
		};
		18811E2D22716B5B00EDD9B8 /* Products */ = {
			isa = PBXGroup;
			children = (
				18811E2C22716B5B00EDD9B8 /* ios-PickerKeyboard.app */,
				18811E4022716B5D00EDD9B8 /* ios-PickerKeyboardTests.xctest */,
				18811E4B22716B5D00EDD9B8 /* ios-PickerKeyboardUITests.xctest */,
			);
			name = Products;
			sourceTree = "<group>";
		};
		18811E2E22716B5B00EDD9B8 /* ios-PickerKeyboard */ = {
			isa = PBXGroup;
			children = (
				18811E2F22716B5B00EDD9B8 /* AppDelegate.swift */,
				18811E3122716B5B00EDD9B8 /* ViewController.swift */,
				18811E3322716B5B00EDD9B8 /* Main.storyboard */,
				18811E3622716B5D00EDD9B8 /* Assets.xcassets */,
				18811E3822716B5D00EDD9B8 /* LaunchScreen.storyboard */,
				18811E3B22716B5D00EDD9B8 /* Info.plist */,
			);
			path = "ios-PickerKeyboard";
			sourceTree = "<group>";
		};
		18811E4322716B5D00EDD9B8 /* ios-PickerKeyboardTests */ = {
			isa = PBXGroup;
			children = (
				18811E4422716B5D00EDD9B8 /* ios_PickerKeyboardTests.swift */,
				18811E4622716B5D00EDD9B8 /* Info.plist */,
			);
			path = "ios-PickerKeyboardTests";
			sourceTree = "<group>";
		};
		18811E4E22716B5D00EDD9B8 /* ios-PickerKeyboardUITests */ = {
			isa = PBXGroup;
			children = (
				18811E4F22716B5D00EDD9B8 /* ios_PickerKeyboardUITests.swift */,
				18811E5122716B5D00EDD9B8 /* Info.plist */,
			);
			path = "ios-PickerKeyboardUITests";
			sourceTree = "<group>";
		};
/* End PBXGroup section */

/* Begin PBXNativeTarget section */
		18811E2B22716B5B00EDD9B8 /* ios-PickerKeyboard */ = {
			isa = PBXNativeTarget;
			buildConfigurationList = 18811E5422716B5D00EDD9B8 /* Build configuration list for PBXNativeTarget "ios-PickerKeyboard" */;
			buildPhases = (
				18811E2822716B5B00EDD9B8 /* Sources */,
				18811E2922716B5B00EDD9B8 /* Frameworks */,
				18811E2A22716B5B00EDD9B8 /* Resources */,
			);
			buildRules = (
			);
			dependencies = (
			);
			name = "ios-PickerKeyboard";
			productName = "ios-PickerKeyboard";
			productReference = 18811E2C22716B5B00EDD9B8 /* ios-PickerKeyboard.app */;
			productType = "com.apple.product-type.application";
		};
		18811E3F22716B5D00EDD9B8 /* ios-PickerKeyboardTests */ = {
			isa = PBXNativeTarget;
			buildConfigurationList = 18811E5722716B5D00EDD9B8 /* Build configuration list for PBXNativeTarget "ios-PickerKeyboardTests" */;
			buildPhases = (
				18811E3C22716B5D00EDD9B8 /* Sources */,
				18811E3D22716B5D00EDD9B8 /* Frameworks */,
				18811E3E22716B5D00EDD9B8 /* Resources */,
			);
			buildRules = (
			);
			dependencies = (
				18811E4222716B5D00EDD9B8 /* PBXTargetDependency */,
			);
			name = "ios-PickerKeyboardTests";
			productName = "ios-PickerKeyboardTests";
			productReference = 18811E4022716B5D00EDD9B8 /* ios-PickerKeyboardTests.xctest */;
			productType = "com.apple.product-type.bundle.unit-test";
		};
		18811E4A22716B5D00EDD9B8 /* ios-PickerKeyboardUITests */ = {
			isa = PBXNativeTarget;
			buildConfigurationList = 18811E5A22716B5D00EDD9B8 /* Build configuration list for PBXNativeTarget "ios-PickerKeyboardUITests" */;
			buildPhases = (
				18811E4722716B5D00EDD9B8 /* Sources */,
				18811E4822716B5D00EDD9B8 /* Frameworks */,
				18811E4922716B5D00EDD9B8 /* Resources */,
			);
			buildRules = (
			);
			dependencies = (
				18811E4D22716B5D00EDD9B8 /* PBXTargetDependency */,
			);
			name = "ios-PickerKeyboardUITests";
			productName = "ios-PickerKeyboardUITests";
			productReference = 18811E4B22716B5D00EDD9B8 /* ios-PickerKeyboardUITests.xctest */;
			productType = "com.apple.product-type.bundle.ui-testing";
		};
/* End PBXNativeTarget section */

/* Begin PBXProject section */
		18811E2422716B5B00EDD9B8 /* Project object */ = {
			isa = PBXProject;
			attributes = {
				LastSwiftUpdateCheck = 1020;
				LastUpgradeCheck = 1020;
				ORGANIZATIONNAME = "Kaito Hattori";
				TargetAttributes = {
					18811E2B22716B5B00EDD9B8 = {
						CreatedOnToolsVersion = 10.2;
					};
					18811E3F22716B5D00EDD9B8 = {
						CreatedOnToolsVersion = 10.2;
						TestTargetID = 18811E2B22716B5B00EDD9B8;
					};
					18811E4A22716B5D00EDD9B8 = {
						CreatedOnToolsVersion = 10.2;
						TestTargetID = 18811E2B22716B5B00EDD9B8;
					};
				};
			};
			buildConfigurationList = 18811E2722716B5B00EDD9B8 /* Build configuration list for PBXProject "ios-PickerKeyboard" */;
			compatibilityVersion = "Xcode 9.3";
			developmentRegion = en;
			hasScannedForEncodings = 0;
			knownRegions = (
				en,
				Base,
			);
			mainGroup = 18811E2322716B5B00EDD9B8;
			productRefGroup = 18811E2D22716B5B00EDD9B8 /* Products */;
			projectDirPath = "";
			projectRoot = "";
			targets = (
				18811E2B22716B5B00EDD9B8 /* ios-PickerKeyboard */,
				18811E3F22716B5D00EDD9B8 /* ios-PickerKeyboardTests */,
				18811E4A22716B5D00EDD9B8 /* ios-PickerKeyboardUITests */,
			);
		};
/* End PBXProject section */

/* Begin PBXResourcesBuildPhase section */
		18811E2A22716B5B00EDD9B8 /* Resources */ = {
			isa = PBXResourcesBuildPhase;
			buildActionMask = 2147483647;
			files = (
				18811E3A22716B5D00EDD9B8 /* LaunchScreen.storyboard in Resources */,
				18811E3722716B5D00EDD9B8 /* Assets.xcassets in Resources */,
				18811E3522716B5B00EDD9B8 /* Main.storyboard in Resources */,
			);
			runOnlyForDeploymentPostprocessing = 0;
		};
		18811E3E22716B5D00EDD9B8 /* Resources */ = {
			isa = PBXResourcesBuildPhase;
			buildActionMask = 2147483647;
			files = (
			);
			runOnlyForDeploymentPostprocessing = 0;
		};
		18811E4922716B5D00EDD9B8 /* Resources */ = {
			isa = PBXResourcesBuildPhase;
			buildActionMask = 2147483647;
			files = (
			);
			runOnlyForDeploymentPostprocessing = 0;
		};
/* End PBXResourcesBuildPhase section */

/* Begin PBXSourcesBuildPhase section */
		18811E2822716B5B00EDD9B8 /* Sources */ = {
			isa = PBXSourcesBuildPhase;
			buildActionMask = 2147483647;
			files = (
				18811E3222716B5B00EDD9B8 /* ViewController.swift in Sources */,
				18811E3022716B5B00EDD9B8 /* AppDelegate.swift in Sources */,
			);
			runOnlyForDeploymentPostprocessing = 0;
		};
		18811E3C22716B5D00EDD9B8 /* Sources */ = {
			isa = PBXSourcesBuildPhase;
			buildActionMask = 2147483647;
			files = (
				18811E4522716B5D00EDD9B8 /* ios_PickerKeyboardTests.swift in Sources */,
			);
			runOnlyForDeploymentPostprocessing = 0;
		};
		18811E4722716B5D00EDD9B8 /* Sources */ = {
			isa = PBXSourcesBuildPhase;
			buildActionMask = 2147483647;
			files = (
				18811E5022716B5D00EDD9B8 /* ios_PickerKeyboardUITests.swift in Sources */,
			);
			runOnlyForDeploymentPostprocessing = 0;
		};
/* End PBXSourcesBuildPhase section */

/* Begin PBXTargetDependency section */
		18811E4222716B5D00EDD9B8 /* PBXTargetDependency */ = {
			isa = PBXTargetDependency;
			target = 18811E2B22716B5B00EDD9B8 /* ios-PickerKeyboard */;
			targetProxy = 18811E4122716B5D00EDD9B8 /* PBXContainerItemProxy */;
		};
		18811E4D22716B5D00EDD9B8 /* PBXTargetDependency */ = {
			isa = PBXTargetDependency;
			target = 18811E2B22716B5B00EDD9B8 /* ios-PickerKeyboard */;
			targetProxy = 18811E4C22716B5D00EDD9B8 /* PBXContainerItemProxy */;
		};
/* End PBXTargetDependency section */

/* Begin PBXVariantGroup section */
		18811E3322716B5B00EDD9B8 /* Main.storyboard */ = {
			isa = PBXVariantGroup;
			children = (
				18811E3422716B5B00EDD9B8 /* Base */,
			);
			name = Main.storyboard;
			sourceTree = "<group>";
		};
		18811E3822716B5D00EDD9B8 /* LaunchScreen.storyboard */ = {
			isa = PBXVariantGroup;
			children = (
				18811E3922716B5D00EDD9B8 /* Base */,
			);
			name = LaunchScreen.storyboard;
			sourceTree = "<group>";
		};
/* End PBXVariantGroup section */

/* Begin XCBuildConfiguration section */
		18811E5222716B5D00EDD9B8 /* Debug */ = {
			isa = XCBuildConfiguration;
			buildSettings = {
				ALWAYS_SEARCH_USER_PATHS = NO;
				CLANG_ANALYZER_NONNULL = YES;
				CLANG_ANALYZER_NUMBER_OBJECT_CONVERSION = YES_AGGRESSIVE;
				CLANG_CXX_LANGUAGE_STANDARD = "gnu++14";
				CLANG_CXX_LIBRARY = "libc++";
				CLANG_ENABLE_MODULES = YES;
				CLANG_ENABLE_OBJC_ARC = YES;
				CLANG_ENABLE_OBJC_WEAK = YES;
				CLANG_WARN_BLOCK_CAPTURE_AUTORELEASING = YES;
				CLANG_WARN_BOOL_CONVERSION = YES;
				CLANG_WARN_COMMA = YES;
				CLANG_WARN_CONSTANT_CONVERSION = YES;
				CLANG_WARN_DEPRECATED_OBJC_IMPLEMENTATIONS = YES;
				CLANG_WARN_DIRECT_OBJC_ISA_USAGE = YES_ERROR;
				CLANG_WARN_DOCUMENTATION_COMMENTS = YES;
				CLANG_WARN_EMPTY_BODY = YES;
				CLANG_WARN_ENUM_CONVERSION = YES;
				CLANG_WARN_INFINITE_RECURSION = YES;
				CLANG_WARN_INT_CONVERSION = YES;
				CLANG_WARN_NON_LITERAL_NULL_CONVERSION = YES;
				CLANG_WARN_OBJC_IMPLICIT_RETAIN_SELF = YES;
				CLANG_WARN_OBJC_LITERAL_CONVERSION = YES;
				CLANG_WARN_OBJC_ROOT_CLASS = YES_ERROR;
				CLANG_WARN_RANGE_LOOP_ANALYSIS = YES;
				CLANG_WARN_STRICT_PROTOTYPES = YES;
				CLANG_WARN_SUSPICIOUS_MOVE = YES;
				CLANG_WARN_UNGUARDED_AVAILABILITY = YES_AGGRESSIVE;
				CLANG_WARN_UNREACHABLE_CODE = YES;
				CLANG_WARN__DUPLICATE_METHOD_MATCH = YES;
				CODE_SIGN_IDENTITY = "iPhone Developer";
				COPY_PHASE_STRIP = NO;
				DEBUG_INFORMATION_FORMAT = dwarf;
				ENABLE_STRICT_OBJC_MSGSEND = YES;
				ENABLE_TESTABILITY = YES;
				GCC_C_LANGUAGE_STANDARD = gnu11;
				GCC_DYNAMIC_NO_PIC = NO;
				GCC_NO_COMMON_BLOCKS = YES;
				GCC_OPTIMIZATION_LEVEL = 0;
				GCC_PREPROCESSOR_DEFINITIONS = (
					"DEBUG=1",
					"$(inherited)",
				);
				GCC_WARN_64_TO_32_BIT_CONVERSION = YES;
				GCC_WARN_ABOUT_RETURN_TYPE = YES_ERROR;
				GCC_WARN_UNDECLARED_SELECTOR = YES;
				GCC_WARN_UNINITIALIZED_AUTOS = YES_AGGRESSIVE;
				GCC_WARN_UNUSED_FUNCTION = YES;
				GCC_WARN_UNUSED_VARIABLE = YES;
				IPHONEOS_DEPLOYMENT_TARGET = 12.2;
				MTL_ENABLE_DEBUG_INFO = INCLUDE_SOURCE;
				MTL_FAST_MATH = YES;
				ONLY_ACTIVE_ARCH = YES;
				SDKROOT = iphoneos;
				SWIFT_ACTIVE_COMPILATION_CONDITIONS = DEBUG;
				SWIFT_OPTIMIZATION_LEVEL = "-Onone";
			};
			name = Debug;
		};
		18811E5322716B5D00EDD9B8 /* Release */ = {
			isa = XCBuildConfiguration;
			buildSettings = {
				ALWAYS_SEARCH_USER_PATHS = NO;
				CLANG_ANALYZER_NONNULL = YES;
				CLANG_ANALYZER_NUMBER_OBJECT_CONVERSION = YES_AGGRESSIVE;
				CLANG_CXX_LANGUAGE_STANDARD = "gnu++14";
				CLANG_CXX_LIBRARY = "libc++";
				CLANG_ENABLE_MODULES = YES;
				CLANG_ENABLE_OBJC_ARC = YES;
				CLANG_ENABLE_OBJC_WEAK = YES;
				CLANG_WARN_BLOCK_CAPTURE_AUTORELEASING = YES;
				CLANG_WARN_BOOL_CONVERSION = YES;
				CLANG_WARN_COMMA = YES;
				CLANG_WARN_CONSTANT_CONVERSION = YES;
				CLANG_WARN_DEPRECATED_OBJC_IMPLEMENTATIONS = YES;
				CLANG_WARN_DIRECT_OBJC_ISA_USAGE = YES_ERROR;
				CLANG_WARN_DOCUMENTATION_COMMENTS = YES;
				CLANG_WARN_EMPTY_BODY = YES;
				CLANG_WARN_ENUM_CONVERSION = YES;
				CLANG_WARN_INFINITE_RECURSION = YES;
				CLANG_WARN_INT_CONVERSION = YES;
				CLANG_WARN_NON_LITERAL_NULL_CONVERSION = YES;
				CLANG_WARN_OBJC_IMPLICIT_RETAIN_SELF = YES;
				CLANG_WARN_OBJC_LITERAL_CONVERSION = YES;
				CLANG_WARN_OBJC_ROOT_CLASS = YES_ERROR;
				CLANG_WARN_RANGE_LOOP_ANALYSIS = YES;
				CLANG_WARN_STRICT_PROTOTYPES = YES;
				CLANG_WARN_SUSPICIOUS_MOVE = YES;
				CLANG_WARN_UNGUARDED_AVAILABILITY = YES_AGGRESSIVE;
				CLANG_WARN_UNREACHABLE_CODE = YES;
				CLANG_WARN__DUPLICATE_METHOD_MATCH = YES;
				CODE_SIGN_IDENTITY = "iPhone Developer";
				COPY_PHASE_STRIP = NO;
				DEBUG_INFORMATION_FORMAT = "dwarf-with-dsym";
				ENABLE_NS_ASSERTIONS = NO;
				ENABLE_STRICT_OBJC_MSGSEND = YES;
				GCC_C_LANGUAGE_STANDARD = gnu11;
				GCC_NO_COMMON_BLOCKS = YES;
				GCC_WARN_64_TO_32_BIT_CONVERSION = YES;
				GCC_WARN_ABOUT_RETURN_TYPE = YES_ERROR;
				GCC_WARN_UNDECLARED_SELECTOR = YES;
				GCC_WARN_UNINITIALIZED_AUTOS = YES_AGGRESSIVE;
				GCC_WARN_UNUSED_FUNCTION = YES;
				GCC_WARN_UNUSED_VARIABLE = YES;
				IPHONEOS_DEPLOYMENT_TARGET = 12.2;
				MTL_ENABLE_DEBUG_INFO = NO;
				MTL_FAST_MATH = YES;
				SDKROOT = iphoneos;
				SWIFT_COMPILATION_MODE = wholemodule;
				SWIFT_OPTIMIZATION_LEVEL = "-O";
				VALIDATE_PRODUCT = YES;
			};
			name = Release;
		};
		18811E5522716B5D00EDD9B8 /* Debug */ = {
			isa = XCBuildConfiguration;
			buildSettings = {
				ASSETCATALOG_COMPILER_APPICON_NAME = AppIcon;
				CODE_SIGN_STYLE = Automatic;
				DEVELOPMENT_TEAM = UF4PY56C4U;
				INFOPLIST_FILE = "ios-PickerKeyboard/Info.plist";
				LD_RUNPATH_SEARCH_PATHS = (
					"$(inherited)",
					"@executable_path/Frameworks",
				);
				PRODUCT_BUNDLE_IDENTIFIER = "dev.kaichan394.ios-PickerKeyboard";
				PRODUCT_NAME = "$(TARGET_NAME)";
				SWIFT_VERSION = 5.0;
				TARGETED_DEVICE_FAMILY = "1,2";
			};
			name = Debug;
		};
		18811E5622716B5D00EDD9B8 /* Release */ = {
			isa = XCBuildConfiguration;
			buildSettings = {
				ASSETCATALOG_COMPILER_APPICON_NAME = AppIcon;
				CODE_SIGN_STYLE = Automatic;
				DEVELOPMENT_TEAM = UF4PY56C4U;
				INFOPLIST_FILE = "ios-PickerKeyboard/Info.plist";
				LD_RUNPATH_SEARCH_PATHS = (
					"$(inherited)",
					"@executable_path/Frameworks",
				);
				PRODUCT_BUNDLE_IDENTIFIER = "dev.kaichan394.ios-PickerKeyboard";
				PRODUCT_NAME = "$(TARGET_NAME)";
				SWIFT_VERSION = 5.0;
				TARGETED_DEVICE_FAMILY = "1,2";
			};
			name = Release;
		};
		18811E5822716B5D00EDD9B8 /* Debug */ = {
			isa = XCBuildConfiguration;
			buildSettings = {
				ALWAYS_EMBED_SWIFT_STANDARD_LIBRARIES = YES;
				BUNDLE_LOADER = "$(TEST_HOST)";
				CODE_SIGN_STYLE = Automatic;
				DEVELOPMENT_TEAM = UF4PY56C4U;
				INFOPLIST_FILE = "ios-PickerKeyboardTests/Info.plist";
				LD_RUNPATH_SEARCH_PATHS = (
					"$(inherited)",
					"@executable_path/Frameworks",
					"@loader_path/Frameworks",
				);
				PRODUCT_BUNDLE_IDENTIFIER = "dev.kaichan394.ios-PickerKeyboardTests";
				PRODUCT_NAME = "$(TARGET_NAME)";
				SWIFT_VERSION = 5.0;
				TARGETED_DEVICE_FAMILY = "1,2";
				TEST_HOST = "$(BUILT_PRODUCTS_DIR)/ios-PickerKeyboard.app/ios-PickerKeyboard";
			};
			name = Debug;
		};
		18811E5922716B5D00EDD9B8 /* Release */ = {
			isa = XCBuildConfiguration;
			buildSettings = {
				ALWAYS_EMBED_SWIFT_STANDARD_LIBRARIES = YES;
				BUNDLE_LOADER = "$(TEST_HOST)";
				CODE_SIGN_STYLE = Automatic;
				DEVELOPMENT_TEAM = UF4PY56C4U;
				INFOPLIST_FILE = "ios-PickerKeyboardTests/Info.plist";
				LD_RUNPATH_SEARCH_PATHS = (
					"$(inherited)",
					"@executable_path/Frameworks",
					"@loader_path/Frameworks",
				);
				PRODUCT_BUNDLE_IDENTIFIER = "dev.kaichan394.ios-PickerKeyboardTests";
				PRODUCT_NAME = "$(TARGET_NAME)";
				SWIFT_VERSION = 5.0;
				TARGETED_DEVICE_FAMILY = "1,2";
				TEST_HOST = "$(BUILT_PRODUCTS_DIR)/ios-PickerKeyboard.app/ios-PickerKeyboard";
			};
			name = Release;
		};
		18811E5B22716B5D00EDD9B8 /* Debug */ = {
			isa = XCBuildConfiguration;
			buildSettings = {
				ALWAYS_EMBED_SWIFT_STANDARD_LIBRARIES = YES;
				CODE_SIGN_STYLE = Automatic;
				DEVELOPMENT_TEAM = UF4PY56C4U;
				INFOPLIST_FILE = "ios-PickerKeyboardUITests/Info.plist";
				LD_RUNPATH_SEARCH_PATHS = (
					"$(inherited)",
					"@executable_path/Frameworks",
					"@loader_path/Frameworks",
				);
				PRODUCT_BUNDLE_IDENTIFIER = "dev.kaichan394.ios-PickerKeyboardUITests";
				PRODUCT_NAME = "$(TARGET_NAME)";
				SWIFT_VERSION = 5.0;
				TARGETED_DEVICE_FAMILY = "1,2";
				TEST_TARGET_NAME = "ios-PickerKeyboard";
			};
			name = Debug;
		};
		18811E5C22716B5D00EDD9B8 /* Release */ = {
			isa = XCBuildConfiguration;
			buildSettings = {
				ALWAYS_EMBED_SWIFT_STANDARD_LIBRARIES = YES;
				CODE_SIGN_STYLE = Automatic;
				DEVELOPMENT_TEAM = UF4PY56C4U;
				INFOPLIST_FILE = "ios-PickerKeyboardUITests/Info.plist";
				LD_RUNPATH_SEARCH_PATHS = (
					"$(inherited)",
					"@executable_path/Frameworks",
					"@loader_path/Frameworks",
				);
				PRODUCT_BUNDLE_IDENTIFIER = "dev.kaichan394.ios-PickerKeyboardUITests";
				PRODUCT_NAME = "$(TARGET_NAME)";
				SWIFT_VERSION = 5.0;
				TARGETED_DEVICE_FAMILY = "1,2";
				TEST_TARGET_NAME = "ios-PickerKeyboard";
			};
			name = Release;
		};
/* End XCBuildConfiguration section */

/* Begin XCConfigurationList section */
		18811E2722716B5B00EDD9B8 /* Build configuration list for PBXProject "ios-PickerKeyboard" */ = {
			isa = XCConfigurationList;
			buildConfigurations = (
				18811E5222716B5D00EDD9B8 /* Debug */,
				18811E5322716B5D00EDD9B8 /* Release */,
			);
			defaultConfigurationIsVisible = 0;
			defaultConfigurationName = Release;
		};
		18811E5422716B5D00EDD9B8 /* Build configuration list for PBXNativeTarget "ios-PickerKeyboard" */ = {
			isa = XCConfigurationList;
			buildConfigurations = (
				18811E5522716B5D00EDD9B8 /* Debug */,
				18811E5622716B5D00EDD9B8 /* Release */,
			);
			defaultConfigurationIsVisible = 0;
			defaultConfigurationName = Release;
		};
		18811E5722716B5D00EDD9B8 /* Build configuration list for PBXNativeTarget "ios-PickerKeyboardTests" */ = {
			isa = XCConfigurationList;
			buildConfigurations = (
				18811E5822716B5D00EDD9B8 /* Debug */,
				18811E5922716B5D00EDD9B8 /* Release */,
			);
			defaultConfigurationIsVisible = 0;
			defaultConfigurationName = Release;
		};
		18811E5A22716B5D00EDD9B8 /* Build configuration list for PBXNativeTarget "ios-PickerKeyboardUITests" */ = {
			isa = XCConfigurationList;
			buildConfigurations = (
				18811E5B22716B5D00EDD9B8 /* Debug */,
				18811E5C22716B5D00EDD9B8 /* Release */,
			);
			defaultConfigurationIsVisible = 0;
			defaultConfigurationName = Release;
		};
/* End XCConfigurationList section */
	};
	rootObject = 18811E2422716B5B00EDD9B8 /* Project object */;
}
